
Microsoft Visual Studio Solution File, Format Version 12.00
# Visual Studio Version 17
VisualStudioVersion = 17.3.32929.385
MinimumVisualStudioVersion = 10.0.40219.1
Project("{FAE04EC0-301F-11D3-BF4B-00C04F79EFBC}") = "GoogleSearch", "GoogleSearch\GoogleSearch.csproj", "{EE7D9FF6-966D-4104-9788-3C25117E869C}"
EndProject
Global
	GlobalSection(SolutionConfigurationPlatforms) = preSolution
		Debug|Any CPU = Debug|Any CPU
		Release|Any CPU = Release|Any CPU
	EndGlobalSection
	GlobalSection(ProjectConfigurationPlatforms) = postSolution
		{EE7D9FF6-966D-4104-9788-3C25117E869C}.Debug|Any CPU.ActiveCfg = Debug|Any CPU
		{EE7D9FF6-966D-4104-9788-3C25117E869C}.Debug|Any CPU.Build.0 = Debug|Any CPU
		{EE7D9FF6-966D-4104-9788-3C25117E869C}.Release|Any CPU.ActiveCfg = Release|Any CPU
		{EE7D9FF6-966D-4104-9788-3C25117E869C}.Release|Any CPU.Build.0 = Release|Any CPU
	EndGlobalSection
	GlobalSection(SolutionProperties) = preSolution
		HideSolutionNode = FALSE
	EndGlobalSection
	GlobalSection(ExtensibilityGlobals) = postSolution
		SolutionGuid = {D16FB084-684F-4B3B-B287-57C93E43E2CD}
	EndGlobalSection
EndGlobal
